
Microsoft Visual Studio Solution File, Format Version 12.00
# Visual Studio Version 16
VisualStudioVersion = 16.0.30611.23
MinimumVisualStudioVersion = 10.0.40219.1
Project("{9A19103F-16F7-4668-BE54-9A1E7A4F7556}") = "HackerNews.API", "HackerNews.API\HackerNews.API.csproj", "{835C252D-3C13-486D-803C-8AB5879BD5A4}"
EndProject
Project("{9A19103F-16F7-4668-BE54-9A1E7A4F7556}") = "HackerNews.Service", "HackerNews.Service\HackerNews.Service.csproj", "{D2BC1A7A-450D-4E95-AABE-89248AFEA69C}"
EndProject
Project("{9A19103F-16F7-4668-BE54-9A1E7A4F7556}") = "HackerNews.Data", "HackerNews.Data\HackerNews.Data.csproj", "{19682955-FA4D-493C-B820-EA07D12F8671}"
EndProject
Project("{2150E333-8FDC-42A3-9474-1A3956D46DE8}") = "1. Backend", "1. Backend", "{9295B674-0FB6-4532-9CA6-46A9CBE50191}"
EndProject
Project("{2150E333-8FDC-42A3-9474-1A3956D46DE8}") = "2. API", "2. API", "{CE1C87C3-4D9C-4C54-B970-28A91F764648}"
EndProject
Project("{2150E333-8FDC-42A3-9474-1A3956D46DE8}") = "3. Presentation", "3. Presentation", "{BB98EBD2-5723-4470-A692-025A52080F58}"
EndProject
Project("{2150E333-8FDC-42A3-9474-1A3956D46DE8}") = "4. Tests", "4. Tests", "{EF046C50-C3B7-4158-92FD-8B234A8086D3}"
EndProject
Project("{9A19103F-16F7-4668-BE54-9A1E7A4F7556}") = "HackerNews.Presentation", "HackerNews.Presentation\HackerNews.Presentation.csproj", "{DF0A5BCA-8FE5-4A6E-AB25-611B6B2B397A}"
EndProject
Project("{9A19103F-16F7-4668-BE54-9A1E7A4F7556}") = "HackerNews.Service.Tests", "HackerNews.Service.Tests\HackerNews.Service.Tests.csproj", "{A10FD705-1327-4B6F-A2DF-5505AC16F891}"
EndProject
Project("{9A19103F-16F7-4668-BE54-9A1E7A4F7556}") = "HackerNews.Data.Tests", "HackerNews.Data.Tests\HackerNews.Data.Tests.csproj", "{A9E584B9-9538-4EFC-B44F-8BDF760E4C76}"
EndProject
Global
	GlobalSection(SolutionConfigurationPlatforms) = preSolution
		Debug|Any CPU = Debug|Any CPU
		Release|Any CPU = Release|Any CPU
	EndGlobalSection
	GlobalSection(ProjectConfigurationPlatforms) = postSolution
		{835C252D-3C13-486D-803C-8AB5879BD5A4}.Debug|Any CPU.ActiveCfg = Debug|Any CPU
		{835C252D-3C13-486D-803C-8AB5879BD5A4}.Debug|Any CPU.Build.0 = Debug|Any CPU
		{835C252D-3C13-486D-803C-8AB5879BD5A4}.Release|Any CPU.ActiveCfg = Release|Any CPU
		{835C252D-3C13-486D-803C-8AB5879BD5A4}.Release|Any CPU.Build.0 = Release|Any CPU
		{D2BC1A7A-450D-4E95-AABE-89248AFEA69C}.Debug|Any CPU.ActiveCfg = Debug|Any CPU
		{D2BC1A7A-450D-4E95-AABE-89248AFEA69C}.Debug|Any CPU.Build.0 = Debug|Any CPU
		{D2BC1A7A-450D-4E95-AABE-89248AFEA69C}.Release|Any CPU.ActiveCfg = Release|Any CPU
		{D2BC1A7A-450D-4E95-AABE-89248AFEA69C}.Release|Any CPU.Build.0 = Release|Any CPU
		{19682955-FA4D-493C-B820-EA07D12F8671}.Debug|Any CPU.ActiveCfg = Debug|Any CPU
		{19682955-FA4D-493C-B820-EA07D12F8671}.Debug|Any CPU.Build.0 = Debug|Any CPU
		{19682955-FA4D-493C-B820-EA07D12F8671}.Release|Any CPU.ActiveCfg = Release|Any CPU
		{19682955-FA4D-493C-B820-EA07D12F8671}.Release|Any CPU.Build.0 = Release|Any CPU
		{DF0A5BCA-8FE5-4A6E-AB25-611B6B2B397A}.Debug|Any CPU.ActiveCfg = Debug|Any CPU
		{DF0A5BCA-8FE5-4A6E-AB25-611B6B2B397A}.Debug|Any CPU.Build.0 = Debug|Any CPU
		{DF0A5BCA-8FE5-4A6E-AB25-611B6B2B397A}.Release|Any CPU.ActiveCfg = Release|Any CPU
		{DF0A5BCA-8FE5-4A6E-AB25-611B6B2B397A}.Release|Any CPU.Build.0 = Release|Any CPU
		{A10FD705-1327-4B6F-A2DF-5505AC16F891}.Debug|Any CPU.ActiveCfg = Debug|Any CPU
		{A10FD705-1327-4B6F-A2DF-5505AC16F891}.Debug|Any CPU.Build.0 = Debug|Any CPU
		{A10FD705-1327-4B6F-A2DF-5505AC16F891}.Release|Any CPU.ActiveCfg = Release|Any CPU
		{A10FD705-1327-4B6F-A2DF-5505AC16F891}.Release|Any CPU.Build.0 = Release|Any CPU
		{A9E584B9-9538-4EFC-B44F-8BDF760E4C76}.Debug|Any CPU.ActiveCfg = Debug|Any CPU
		{A9E584B9-9538-4EFC-B44F-8BDF760E4C76}.Debug|Any CPU.Build.0 = Debug|Any CPU
		{A9E584B9-9538-4EFC-B44F-8BDF760E4C76}.Release|Any CPU.ActiveCfg = Release|Any CPU
		{A9E584B9-9538-4EFC-B44F-8BDF760E4C76}.Release|Any CPU.Build.0 = Release|Any CPU
	EndGlobalSection
	GlobalSection(SolutionProperties) = preSolution
		HideSolutionNode = FALSE
	EndGlobalSection
	GlobalSection(NestedProjects) = preSolution
		{835C252D-3C13-486D-803C-8AB5879BD5A4} = {CE1C87C3-4D9C-4C54-B970-28A91F764648}
		{D2BC1A7A-450D-4E95-AABE-89248AFEA69C} = {9295B674-0FB6-4532-9CA6-46A9CBE50191}
		{19682955-FA4D-493C-B820-EA07D12F8671} = {9295B674-0FB6-4532-9CA6-46A9CBE50191}
		{DF0A5BCA-8FE5-4A6E-AB25-611B6B2B397A} = {BB98EBD2-5723-4470-A692-025A52080F58}
		{A10FD705-1327-4B6F-A2DF-5505AC16F891} = {EF046C50-C3B7-4158-92FD-8B234A8086D3}
		{A9E584B9-9538-4EFC-B44F-8BDF760E4C76} = {EF046C50-C3B7-4158-92FD-8B234A8086D3}
	EndGlobalSection
	GlobalSection(ExtensibilityGlobals) = postSolution
		SolutionGuid = {51EE4397-401B-4603-8992-F97E1F2ECAB2}
	EndGlobalSection
EndGlobal
